Microsoft Visual Studio Solution File, Format Version 11.00
# Visual Studio 2008

Project("{ABD310C0-1E40-D869-AE8D-E1B5F1EB6909}") = "exercicio_1( interface de conexão )", "Assembly-CSharp-firstpass.csproj", "{E9EC6663-E990-108F-9665-09CA67E3800D}"
EndProject
Project("{ABD310C0-1E40-D869-AE8D-E1B5F1EB6909}") = "exercicio_1( interface de conexão )", "Assembly-CSharp.csproj", "{43C3DA6E-1F3A-8776-0AA0-6307157C846B}"
EndProject
Project("{ABD310C0-1E40-D869-AE8D-E1B5F1EB6909}") = "exercicio_1( interface de conexão )", "Assembly-CSharp-Editor.csproj", "{3F91B7EF-6F5C-032D-13E4-C67EE72ABE34}"
EndProject
Global
	GlobalSection(SolutionConfigurationPlatforms) = preSolution
		Debug|Any CPU = Debug|Any CPU
		Release|Any CPU = Release|Any CPU
	EndGlobalSection
	GlobalSection(ProjectConfigurationPlatforms) = postSolution
		{E9EC6663-E990-108F-9665-09CA67E3800D}.Debug|Any CPU.ActiveCfg = Debug|Any CPU
		{E9EC6663-E990-108F-9665-09CA67E3800D}.Debug|Any CPU.Build.0 = Debug|Any CPU
		{E9EC6663-E990-108F-9665-09CA67E3800D}.Release|Any CPU.ActiveCfg = Release|Any CPU
		{E9EC6663-E990-108F-9665-09CA67E3800D}.Release|Any CPU.Build.0 = Release|Any CPU
		{43C3DA6E-1F3A-8776-0AA0-6307157C846B}.Debug|Any CPU.ActiveCfg = Debug|Any CPU
		{43C3DA6E-1F3A-8776-0AA0-6307157C846B}.Debug|Any CPU.Build.0 = Debug|Any CPU
		{43C3DA6E-1F3A-8776-0AA0-6307157C846B}.Release|Any CPU.ActiveCfg = Release|Any CPU
		{43C3DA6E-1F3A-8776-0AA0-6307157C846B}.Release|Any CPU.Build.0 = Release|Any CPU
		{3F91B7EF-6F5C-032D-13E4-C67EE72ABE34}.Debug|Any CPU.ActiveCfg = Debug|Any CPU
		{3F91B7EF-6F5C-032D-13E4-C67EE72ABE34}.Debug|Any CPU.Build.0 = Debug|Any CPU
		{3F91B7EF-6F5C-032D-13E4-C67EE72ABE34}.Release|Any CPU.ActiveCfg = Release|Any CPU
		{3F91B7EF-6F5C-032D-13E4-C67EE72ABE34}.Release|Any CPU.Build.0 = Release|Any CPU
	EndGlobalSection
	GlobalSection(SolutionProperties) = preSolution
		HideSolutionNode = FALSE
	EndGlobalSection
	GlobalSection(MonoDevelopProperties) = preSolution
		StartupItem = Assembly-CSharp.csproj
	EndGlobalSection
EndGlobal
